
Microsoft Visual Studio Solution File, Format Version 12.00
# Visual Studio Version 17
VisualStudioVersion = 17.12.35514.174 d17.12
MinimumVisualStudioVersion = 10.0.40219.1
Project("{2150E333-8FDC-42A3-9474-1A3956D46DE8}") = "src", "src", "{0E47B4BF-7D2B-43C6-BCC0-243B550F25ED}"
EndProject
Project("{2150E333-8FDC-42A3-9474-1A3956D46DE8}") = "tests", "tests", "{8CA3F18D-9BCA-4653-A0B0-800CC89F2847}"
EndProject
Project("{FAE04EC0-301F-11D3-BF4B-00C04F79EFBC}") = "BlogApp.API", "BlogApp.API\BlogApp.API.csproj", "{AC4E11EC-6C4D-4D4F-98F0-100CA12EE775}"
EndProject
Project("{FAE04EC0-301F-11D3-BF4B-00C04F79EFBC}") = "BlogApp.API.Tests", "BlogApp.API.Tests\BlogApp.API.Tests.csproj", "{3EF1EB15-6336-4B3C-8F1F-E5DAEDA495E0}"
EndProject
Global
	GlobalSection(SolutionConfigurationPlatforms) = preSolution
		Debug|Any CPU = Debug|Any CPU
		Release|Any CPU = Release|Any CPU
	EndGlobalSection
	GlobalSection(ProjectConfigurationPlatforms) = postSolution
		{AC4E11EC-6C4D-4D4F-98F0-100CA12EE775}.Debug|Any CPU.ActiveCfg = Debug|Any CPU
		{AC4E11EC-6C4D-4D4F-98F0-100CA12EE775}.Debug|Any CPU.Build.0 = Debug|Any CPU
		{AC4E11EC-6C4D-4D4F-98F0-100CA12EE775}.Release|Any CPU.ActiveCfg = Release|Any CPU
		{AC4E11EC-6C4D-4D4F-98F0-100CA12EE775}.Release|Any CPU.Build.0 = Release|Any CPU
		{3EF1EB15-6336-4B3C-8F1F-E5DAEDA495E0}.Debug|Any CPU.ActiveCfg = Debug|Any CPU
		{3EF1EB15-6336-4B3C-8F1F-E5DAEDA495E0}.Debug|Any CPU.Build.0 = Debug|Any CPU
		{3EF1EB15-6336-4B3C-8F1F-E5DAEDA495E0}.Release|Any CPU.ActiveCfg = Release|Any CPU
		{3EF1EB15-6336-4B3C-8F1F-E5DAEDA495E0}.Release|Any CPU.Build.0 = Release|Any CPU
	EndGlobalSection
	GlobalSection(SolutionProperties) = preSolution
		HideSolutionNode = FALSE
	EndGlobalSection
	GlobalSection(NestedProjects) = preSolution
		{AC4E11EC-6C4D-4D4F-98F0-100CA12EE775} = {0E47B4BF-7D2B-43C6-BCC0-243B550F25ED}
		{3EF1EB15-6336-4B3C-8F1F-E5DAEDA495E0} = {8CA3F18D-9BCA-4653-A0B0-800CC89F2847}
	EndGlobalSection
EndGlobal
